
Microsoft Visual Studio Solution File, Format Version 12.00
# Visual Studio Version 17
VisualStudioVersion = 17.0.32014.148
MinimumVisualStudioVersion = 10.0.40219.1
Project("{2150E333-8FDC-42A3-9474-1A3956D46DE8}") = "src", "src", "{0B642C95-CF15-40A3-B7BC-5AB9BAF61E4E}"
EndProject
Project("{9A19103F-16F7-4668-BE54-9A1E7A4F7556}") = "EntityFrameworkDemoConsole", "src\EntityFrameworkDemoConsole\EntityFrameworkDemoConsole.csproj", "{C85FC6D2-9F81-4D6D-88CC-C236C0931E1A}"
EndProject
Project("{FAE04EC0-301F-11D3-BF4B-00C04F79EFBC}") = "ProductsEntityFrameworkLibrary", "ProductsEntityFrameworkLibrary\ProductsEntityFrameworkLibrary.csproj", "{994F4AE6-8DB7-46AF-8D9E-B0C7DD144E58}"
EndProject
Global
	GlobalSection(SolutionConfigurationPlatforms) = preSolution
		Debug|Any CPU = Debug|Any CPU
		Release|Any CPU = Release|Any CPU
	EndGlobalSection
	GlobalSection(ProjectConfigurationPlatforms) = postSolution
		{C85FC6D2-9F81-4D6D-88CC-C236C0931E1A}.Debug|Any CPU.ActiveCfg = Debug|Any CPU
		{C85FC6D2-9F81-4D6D-88CC-C236C0931E1A}.Debug|Any CPU.Build.0 = Debug|Any CPU
		{C85FC6D2-9F81-4D6D-88CC-C236C0931E1A}.Release|Any CPU.ActiveCfg = Release|Any CPU
		{C85FC6D2-9F81-4D6D-88CC-C236C0931E1A}.Release|Any CPU.Build.0 = Release|Any CPU
		{994F4AE6-8DB7-46AF-8D9E-B0C7DD144E58}.Debug|Any CPU.ActiveCfg = Debug|Any CPU
		{994F4AE6-8DB7-46AF-8D9E-B0C7DD144E58}.Debug|Any CPU.Build.0 = Debug|Any CPU
		{994F4AE6-8DB7-46AF-8D9E-B0C7DD144E58}.Release|Any CPU.ActiveCfg = Release|Any CPU
		{994F4AE6-8DB7-46AF-8D9E-B0C7DD144E58}.Release|Any CPU.Build.0 = Release|Any CPU
	EndGlobalSection
	GlobalSection(SolutionProperties) = preSolution
		HideSolutionNode = FALSE
	EndGlobalSection
	GlobalSection(NestedProjects) = preSolution
		{C85FC6D2-9F81-4D6D-88CC-C236C0931E1A} = {0B642C95-CF15-40A3-B7BC-5AB9BAF61E4E}
		{994F4AE6-8DB7-46AF-8D9E-B0C7DD144E58} = {0B642C95-CF15-40A3-B7BC-5AB9BAF61E4E}
	EndGlobalSection
	GlobalSection(ExtensibilityGlobals) = postSolution
		SolutionGuid = {C852D2AA-C0C9-49C9-9313-F3DDE9A0C344}
	EndGlobalSection
EndGlobal
